
Microsoft Visual Studio Solution File, Format Version 12.00
# Visual Studio 15
VisualStudioVersion = 15.0.28010.2041
MinimumVisualStudioVersion = 10.0.40219.1
Project("{FAE04EC0-301F-11D3-BF4B-00C04F79EFBC}") = "POSSystem", "testPOS\POSSystem.csproj", "{A19130C3-DEC0-45FE-9B12-36492E2EE008}"
EndProject
Global
	GlobalSection(SolutionConfigurationPlatforms) = preSolution
		Debug|Any CPU = Debug|Any CPU
		Release|Any CPU = Release|Any CPU
	EndGlobalSection
	GlobalSection(ProjectConfigurationPlatforms) = postSolution
		{A19130C3-DEC0-45FE-9B12-36492E2EE008}.Debug|Any CPU.ActiveCfg = Debug|Any CPU
		{A19130C3-DEC0-45FE-9B12-36492E2EE008}.Debug|Any CPU.Build.0 = Debug|Any CPU
		{A19130C3-DEC0-45FE-9B12-36492E2EE008}.Release|Any CPU.ActiveCfg = Release|Any CPU
		{A19130C3-DEC0-45FE-9B12-36492E2EE008}.Release|Any CPU.Build.0 = Release|Any CPU
	EndGlobalSection
	GlobalSection(SolutionProperties) = preSolution
		HideSolutionNode = FALSE
	EndGlobalSection
	GlobalSection(ExtensibilityGlobals) = postSolution
		SolutionGuid = {299B159D-A3D4-4E15-819A-E78B577A7085}
	EndGlobalSection
EndGlobal
